
Microsoft Visual Studio Solution File, Format Version 12.00
# Visual Studio Version 17
VisualStudioVersion = 17.4.33122.133
MinimumVisualStudioVersion = 10.0.40219.1
Project("{FAE04EC0-301F-11D3-BF4B-00C04F79EFBC}") = "PDwalks.API", "PDwalks.API\PDwalks.API.csproj", "{BAA996A5-8838-4F9B-8803-394996EDB310}"
EndProject
Global
	GlobalSection(SolutionConfigurationPlatforms) = preSolution
		Debug|Any CPU = Debug|Any CPU
		Release|Any CPU = Release|Any CPU
	EndGlobalSection
	GlobalSection(ProjectConfigurationPlatforms) = postSolution
		{BAA996A5-8838-4F9B-8803-394996EDB310}.Debug|Any CPU.ActiveCfg = Debug|Any CPU
		{BAA996A5-8838-4F9B-8803-394996EDB310}.Debug|Any CPU.Build.0 = Debug|Any CPU
		{BAA996A5-8838-4F9B-8803-394996EDB310}.Release|Any CPU.ActiveCfg = Release|Any CPU
		{BAA996A5-8838-4F9B-8803-394996EDB310}.Release|Any CPU.Build.0 = Release|Any CPU
	EndGlobalSection
	GlobalSection(SolutionProperties) = preSolution
		HideSolutionNode = FALSE
	EndGlobalSection
	GlobalSection(ExtensibilityGlobals) = postSolution
		SolutionGuid = {DA74DA3B-3E6D-468D-A2E6-A710F46E3F88}
	EndGlobalSection
EndGlobal
